// !$*UTF8*$!
{
	archiveVersion = 1;
	classes = {
	};
	objectVersion = 46;
	objects = {

/* Begin PBXBuildFile section */
		0260C2B91B855A8A00FF797A /* main.m in Sources */ = {isa = PBXBuildFile; fileRef = 0260C2B81B855A8A00FF797A /* main.m */; };
		0260C2C81B855AC500FF797A /* Tests.m in Sources */ = {isa = PBXBuildFile; fileRef = 0260C2C71B855AC500FF797A /* Tests.m */; };
/* End PBXBuildFile section */

/* Begin PBXCopyFilesBuildPhase section */
		0260C2B31B855A8A00FF797A /* CopyFiles */ = {
			isa = PBXCopyFilesBuildPhase;
			buildActionMask = 2147483647;
			dstPath = /usr/share/man/man1/;
			dstSubfolderSpec = 0;
			files = (
			);
			runOnlyForDeploymentPostprocessing = 1;
		};
/* End PBXCopyFilesBuildPhase section */

/* Begin PBXFileReference section */
		0260C2B51B855A8A00FF797A /* StringCalculator */ = {isa = PBXFileReference; explicitFileType = "compiled.mach-o.executable"; includeInIndex = 0; path = StringCalculator; sourceTree = BUILT_PRODUCTS_DIR; };
		0260C2B81B855A8A00FF797A /* main.m */ = {isa = PBXFileReference; lastKnownFileType = sourcecode.c.objc; path = main.m; sourceTree = "<group>"; };
		0260C2C31B855AC500FF797A /* Tests.xctest */ = {isa = PBXFileReference; explicitFileType = wrapper.cfbundle; includeInIndex = 0; path = Tests.xctest; sourceTree = BUILT_PRODUCTS_DIR; };
		0260C2C61B855AC500FF797A /* Info.plist */ = {isa = PBXFileReference; lastKnownFileType = text.plist.xml; path = Info.plist; sourceTree = "<group>"; };
		0260C2C71B855AC500FF797A /* Tests.m */ = {isa = PBXFileReference; lastKnownFileType = sourcecode.c.objc; path = Tests.m; sourceTree = "<group>"; };
/* End PBXFileReference section */

/* Begin PBXFrameworksBuildPhase section */
		0260C2B21B855A8A00FF797A /* Frameworks */ = {
			isa = PBXFrameworksBuildPhase;
			buildActionMask = 2147483647;
			files = (
			);
			runOnlyForDeploymentPostprocessing = 0;
		};
		0260C2C01B855AC500FF797A /* Frameworks */ = {
			isa = PBXFrameworksBuildPhase;
			buildActionMask = 2147483647;
			files = (
			);
			runOnlyForDeploymentPostprocessing = 0;
		};
/* End PBXFrameworksBuildPhase section */

/* Begin PBXGroup section */
		0260C2AC1B855A8A00FF797A = {
			isa = PBXGroup;
			children = (
				0260C2B71B855A8A00FF797A /* StringCalculator */,
				0260C2C41B855AC500FF797A /* Tests */,
				0260C2B61B855A8A00FF797A /* Products */,
			);
			sourceTree = "<group>";
		};
		0260C2B61B855A8A00FF797A /* Products */ = {
			isa = PBXGroup;
			children = (
				0260C2B51B855A8A00FF797A /* StringCalculator */,
				0260C2C31B855AC500FF797A /* Tests.xctest */,
			);
			name = Products;
			sourceTree = "<group>";
		};
		0260C2B71B855A8A00FF797A /* StringCalculator */ = {
			isa = PBXGroup;
			children = (
				0260C2B81B855A8A00FF797A /* main.m */,
			);
			path = StringCalculator;
			sourceTree = "<group>";
		};
		0260C2C41B855AC500FF797A /* Tests */ = {
			isa = PBXGroup;
			children = (
				0260C2C71B855AC500FF797A /* Tests.m */,
				0260C2C51B855AC500FF797A /* Supporting Files */,
			);
			path = Tests;
			sourceTree = "<group>";
		};
		0260C2C51B855AC500FF797A /* Supporting Files */ = {
			isa = PBXGroup;
			children = (
				0260C2C61B855AC500FF797A /* Info.plist */,
			);
			name = "Supporting Files";
			sourceTree = "<group>";
		};
/* End PBXGroup section */

/* Begin PBXNativeTarget section */
		0260C2B41B855A8A00FF797A /* StringCalculator */ = {
			isa = PBXNativeTarget;
			buildConfigurationList = 0260C2BC1B855A8A00FF797A /* Build configuration list for PBXNativeTarget "StringCalculator" */;
			buildPhases = (
				0260C2B11B855A8A00FF797A /* Sources */,
				0260C2B21B855A8A00FF797A /* Frameworks */,
				0260C2B31B855A8A00FF797A /* CopyFiles */,
			);
			buildRules = (
			);
			dependencies = (
			);
			name = StringCalculator;
			productName = StringCalculator;
			productReference = 0260C2B51B855A8A00FF797A /* StringCalculator */;
			productType = "com.apple.product-type.tool";
		};
		0260C2C21B855AC500FF797A /* Tests */ = {
			isa = PBXNativeTarget;
			buildConfigurationList = 0260C2C91B855AC500FF797A /* Build configuration list for PBXNativeTarget "Tests" */;
			buildPhases = (
				0260C2BF1B855AC500FF797A /* Sources */,
				0260C2C01B855AC500FF797A /* Frameworks */,
				0260C2C11B855AC500FF797A /* Resources */,
			);
			buildRules = (
			);
			dependencies = (
			);
			name = Tests;
			productName = Tests;
			productReference = 0260C2C31B855AC500FF797A /* Tests.xctest */;
			productType = "com.apple.product-type.bundle.unit-test";
		};
/* End PBXNativeTarget section */

/* Begin PBXProject section */
		0260C2AD1B855A8A00FF797A /* Project object */ = {
			isa = PBXProject;
			attributes = {
				LastUpgradeCheck = 0640;
				ORGANIZATIONNAME = "Rich Nistuk";
				TargetAttributes = {
					0260C2B41B855A8A00FF797A = {
						CreatedOnToolsVersion = 6.4;
					};
					0260C2C21B855AC500FF797A = {
						CreatedOnToolsVersion = 6.4;
					};
				};
			};
			buildConfigurationList = 0260C2B01B855A8A00FF797A /* Build configuration list for PBXProject "StringCalculator" */;
			compatibilityVersion = "Xcode 3.2";
			developmentRegion = English;
			hasScannedForEncodings = 0;
			knownRegions = (
				en,
			);
			mainGroup = 0260C2AC1B855A8A00FF797A;
			productRefGroup = 0260C2B61B855A8A00FF797A /* Products */;
			projectDirPath = "";
			projectRoot = "";
			targets = (
				0260C2B41B855A8A00FF797A /* StringCalculator */,
				0260C2C21B855AC500FF797A /* Tests */,
			);
		};
/* End PBXProject section */

/* Begin PBXResourcesBuildPhase section */
		0260C2C11B855AC500FF797A /* Resources */ = {
			isa = PBXResourcesBuildPhase;
			buildActionMask = 2147483647;
			files = (
			);
			runOnlyForDeploymentPostprocessing = 0;
		};
/* End PBXResourcesBuildPhase section */

/* Begin PBXSourcesBuildPhase section */
		0260C2B11B855A8A00FF797A /* Sources */ = {
			isa = PBXSourcesBuildPhase;
			buildActionMask = 2147483647;
			files = (
				0260C2B91B855A8A00FF797A /* main.m in Sources */,
			);
			runOnlyForDeploymentPostprocessing = 0;
		};
		0260C2BF1B855AC500FF797A /* Sources */ = {
			isa = PBXSourcesBuildPhase;
			buildActionMask = 2147483647;
			files = (
				0260C2C81B855AC500FF797A /* Tests.m in Sources */,
			);
			runOnlyForDeploymentPostprocessing = 0;
		};
/* End PBXSourcesBuildPhase section */

/* Begin XCBuildConfiguration section */
		0260C2BA1B855A8A00FF797A /* Debug */ = {
			isa = XCBuildConfiguration;
			buildSettings = {
				ALWAYS_SEARCH_USER_PATHS = NO;
				CLANG_CXX_LANGUAGE_STANDARD = "gnu++0x";
				CLANG_CXX_LIBRARY = "libc++";
				CLANG_ENABLE_MODULES = YES;
				CLANG_ENABLE_OBJC_ARC = YES;
				CLANG_WARN_BOOL_CONVERSION = YES;
				CLANG_WARN_CONSTANT_CONVERSION = YES;
				CLANG_WARN_DIRECT_OBJC_ISA_USAGE = YES_ERROR;
				CLANG_WARN_EMPTY_BODY = YES;
				CLANG_WARN_ENUM_CONVERSION = YES;
				CLANG_WARN_INT_CONVERSION = YES;
				CLANG_WARN_OBJC_ROOT_CLASS = YES_ERROR;
				CLANG_WARN_UNREACHABLE_CODE = YES;
				CLANG_WARN__DUPLICATE_METHOD_MATCH = YES;
				COPY_PHASE_STRIP = NO;
				DEBUG_INFORMATION_FORMAT = dwarf;
				ENABLE_STRICT_OBJC_MSGSEND = YES;
				GCC_C_LANGUAGE_STANDARD = gnu99;
				GCC_DYNAMIC_NO_PIC = NO;
				GCC_NO_COMMON_BLOCKS = YES;
				GCC_OPTIMIZATION_LEVEL = 0;
				GCC_PREPROCESSOR_DEFINITIONS = (
					"DEBUG=1",
					"$(inherited)",
				);
				GCC_SYMBOLS_PRIVATE_EXTERN = NO;
				GCC_WARN_64_TO_32_BIT_CONVERSION = YES;
				GCC_WARN_ABOUT_RETURN_TYPE = YES_ERROR;
				GCC_WARN_UNDECLARED_SELECTOR = YES;
				GCC_WARN_UNINITIALIZED_AUTOS = YES_AGGRESSIVE;
				GCC_WARN_UNUSED_FUNCTION = YES;
				GCC_WARN_UNUSED_VARIABLE = YES;
				MACOSX_DEPLOYMENT_TARGET = 10.10;
				MTL_ENABLE_DEBUG_INFO = YES;
				ONLY_ACTIVE_ARCH = YES;
				SDKROOT = macosx;
			};
			name = Debug;
		};
		0260C2BB1B855A8A00FF797A /* Release */ = {
			isa = XCBuildConfiguration;
			buildSettings = {
				ALWAYS_SEARCH_USER_PATHS = NO;
				CLANG_CXX_LANGUAGE_STANDARD = "gnu++0x";
				CLANG_CXX_LIBRARY = "libc++";
				CLANG_ENABLE_MODULES = YES;
				CLANG_ENABLE_OBJC_ARC = YES;
				CLANG_WARN_BOOL_CONVERSION = YES;
				CLANG_WARN_CONSTANT_CONVERSION = YES;
				CLANG_WARN_DIRECT_OBJC_ISA_USAGE = YES_ERROR;
				CLANG_WARN_EMPTY_BODY = YES;
				CLANG_WARN_ENUM_CONVERSION = YES;
				CLANG_WARN_INT_CONVERSION = YES;
				CLANG_WARN_OBJC_ROOT_CLASS = YES_ERROR;
				CLANG_WARN_UNREACHABLE_CODE = YES;
				CLANG_WARN__DUPLICATE_METHOD_MATCH = YES;
				COPY_PHASE_STRIP = NO;
				DEBUG_INFORMATION_FORMAT = "dwarf-with-dsym";
				ENABLE_NS_ASSERTIONS = NO;
				ENABLE_STRICT_OBJC_MSGSEND = YES;
				GCC_C_LANGUAGE_STANDARD = gnu99;
				GCC_NO_COMMON_BLOCKS = YES;
				GCC_WARN_64_TO_32_BIT_CONVERSION = YES;
				GCC_WARN_ABOUT_RETURN_TYPE = YES_ERROR;
				GCC_WARN_UNDECLARED_SELECTOR = YES;
				GCC_WARN_UNINITIALIZED_AUTOS = YES_AGGRESSIVE;
				GCC_WARN_UNUSED_FUNCTION = YES;
				GCC_WARN_UNUSED_VARIABLE = YES;
				MACOSX_DEPLOYMENT_TARGET = 10.10;
				MTL_ENABLE_DEBUG_INFO = NO;
				SDKROOT = macosx;
			};
			name = Release;
		};
		0260C2BD1B855A8A00FF797A /* Debug */ = {
			isa = XCBuildConfiguration;
			buildSettings = {
				PRODUCT_NAME = "$(TARGET_NAME)";
			};
			name = Debug;
		};
		0260C2BE1B855A8A00FF797A /* Release */ = {
			isa = XCBuildConfiguration;
			buildSettings = {
				PRODUCT_NAME = "$(TARGET_NAME)";
			};
			name = Release;
		};
		0260C2CA1B855AC500FF797A /* Debug */ = {
			isa = XCBuildConfiguration;
			buildSettings = {
				COMBINE_HIDPI_IMAGES = YES;
				FRAMEWORK_SEARCH_PATHS = (
					"$(DEVELOPER_FRAMEWORKS_DIR)",
					"$(inherited)",
				);
				GCC_PREPROCESSOR_DEFINITIONS = (
					"DEBUG=1",
					"$(inherited)",
				);
				INFOPLIST_FILE = Tests/Info.plist;
				LD_RUNPATH_SEARCH_PATHS = "$(inherited) @executable_path/../Frameworks @loader_path/../Frameworks";
				PRODUCT_NAME = "$(TARGET_NAME)";
			};
			name = Debug;
		};
		0260C2CB1B855AC500FF797A /* Release */ = {
			isa = XCBuildConfiguration;
			buildSettings = {
				COMBINE_HIDPI_IMAGES = YES;
				FRAMEWORK_SEARCH_PATHS = (
					"$(DEVELOPER_FRAMEWORKS_DIR)",
					"$(inherited)",
				);
				INFOPLIST_FILE = Tests/Info.plist;
				LD_RUNPATH_SEARCH_PATHS = "$(inherited) @executable_path/../Frameworks @loader_path/../Frameworks";
				PRODUCT_NAME = "$(TARGET_NAME)";
			};
			name = Release;
		};
/* End XCBuildConfiguration section */

/* Begin XCConfigurationList section */
		0260C2B01B855A8A00FF797A /* Build configuration list for PBXProject "StringCalculator" */ = {
			isa = XCConfigurationList;
			buildConfigurations = (
				0260C2BA1B855A8A00FF797A /* Debug */,
				0260C2BB1B855A8A00FF797A /* Release */,
			);
			defaultConfigurationIsVisible = 0;
			defaultConfigurationName = Release;
		};
		0260C2BC1B855A8A00FF797A /* Build configuration list for PBXNativeTarget "StringCalculator" */ = {
			isa = XCConfigurationList;
			buildConfigurations = (
				0260C2BD1B855A8A00FF797A /* Debug */,
				0260C2BE1B855A8A00FF797A /* Release */,
			);
			defaultConfigurationIsVisible = 0;
		};
		0260C2C91B855AC500FF797A /* Build configuration list for PBXNativeTarget "Tests" */ = {
			isa = XCConfigurationList;
			buildConfigurations = (
				0260C2CA1B855AC500FF797A /* Debug */,
				0260C2CB1B855AC500FF797A /* Release */,
			);
			defaultConfigurationIsVisible = 0;
		};
/* End XCConfigurationList section */
	};
	rootObject = 0260C2AD1B855A8A00FF797A /* Project object */;
}
